// !$*UTF8*$!
{
	archiveVersion = 1;
	classes = {
	};
	objectVersion = 50;
	objects = {

/* Begin PBXBuildFile section */
		39344697215E7AC700B1B4EE /* AppDelegate.swift in Sources */ = {isa = PBXBuildFile; fileRef = 39344696215E7AC700B1B4EE /* AppDelegate.swift */; };
		3934469C215E7AC700B1B4EE /* Main.storyboard in Resources */ = {isa = PBXBuildFile; fileRef = 3934469A215E7AC700B1B4EE /* Main.storyboard */; };
		3934469E215E7AC800B1B4EE /* Assets.xcassets in Resources */ = {isa = PBXBuildFile; fileRef = 3934469D215E7AC800B1B4EE /* Assets.xcassets */; };
		393446A1215E7AC800B1B4EE /* LaunchScreen.storyboard in Resources */ = {isa = PBXBuildFile; fileRef = 3934469F215E7AC800B1B4EE /* LaunchScreen.storyboard */; };
		393446AE215E7E6D00B1B4EE /* AddMoviesViewController.storyboard in Resources */ = {isa = PBXBuildFile; fileRef = 393446AD215E7E6D00B1B4EE /* AddMoviesViewController.storyboard */; };
		393446B0215E7E9C00B1B4EE /* MovieListViewController.storyboard in Resources */ = {isa = PBXBuildFile; fileRef = 393446AF215E7E9C00B1B4EE /* MovieListViewController.storyboard */; };
		393446B2215E800B00B1B4EE /* MoviesTabBarController.swift in Sources */ = {isa = PBXBuildFile; fileRef = 393446B1215E800B00B1B4EE /* MoviesTabBarController.swift */; };
		393446B4215E802000B1B4EE /* AddMoviesViewController.swift in Sources */ = {isa = PBXBuildFile; fileRef = 393446B3215E802000B1B4EE /* AddMoviesViewController.swift */; };
		393446B6215E803F00B1B4EE /* MovieListTableViewController.swift in Sources */ = {isa = PBXBuildFile; fileRef = 393446B5215E803F00B1B4EE /* MovieListTableViewController.swift */; };
		393446B9215E811B00B1B4EE /* MovieListTableViewCell.swift in Sources */ = {isa = PBXBuildFile; fileRef = 393446B8215E811B00B1B4EE /* MovieListTableViewCell.swift */; };
		393446BD215E820B00B1B4EE /* MovieController.swift in Sources */ = {isa = PBXBuildFile; fileRef = 393446BC215E820B00B1B4EE /* MovieController.swift */; };
		393446BF215E821100B1B4EE /* Movie.swift in Sources */ = {isa = PBXBuildFile; fileRef = 393446BE215E821100B1B4EE /* Movie.swift */; };
		393446C2215E8C0F00B1B4EE /* MovieControllerProtocol.swift in Sources */ = {isa = PBXBuildFile; fileRef = 393446C1215E8C0F00B1B4EE /* MovieControllerProtocol.swift */; };
/* End PBXBuildFile section */

/* Begin PBXFileReference section */
		39344693215E7AC700B1B4EE /* Sprint1-Retake.app */ = {isa = PBXFileReference; explicitFileType = wrapper.application; includeInIndex = 0; path = "Sprint1-Retake.app"; sourceTree = BUILT_PRODUCTS_DIR; };
		39344696215E7AC700B1B4EE /* AppDelegate.swift */ = {isa = PBXFileReference; lastKnownFileType = sourcecode.swift; path = AppDelegate.swift; sourceTree = "<group>"; };
		3934469B215E7AC700B1B4EE /* Base */ = {isa = PBXFileReference; lastKnownFileType = file.storyboard; name = Base; path = Base.lproj/Main.storyboard; sourceTree = "<group>"; };
		3934469D215E7AC800B1B4EE /* Assets.xcassets */ = {isa = PBXFileReference; lastKnownFileType = folder.assetcatalog; path = Assets.xcassets; sourceTree = "<group>"; };
		393446A0215E7AC800B1B4EE /* Base */ = {isa = PBXFileReference; lastKnownFileType = file.storyboard; name = Base; path = Base.lproj/LaunchScreen.storyboard; sourceTree = "<group>"; };
		393446A2215E7AC800B1B4EE /* Info.plist */ = {isa = PBXFileReference; lastKnownFileType = text.plist.xml; path = Info.plist; sourceTree = "<group>"; };
		393446AD215E7E6D00B1B4EE /* AddMoviesViewController.storyboard */ = {isa = PBXFileReference; lastKnownFileType = file.storyboard; path = AddMoviesViewController.storyboard; sourceTree = "<group>"; };
		393446AF215E7E9C00B1B4EE /* MovieListViewController.storyboard */ = {isa = PBXFileReference; lastKnownFileType = file.storyboard; path = MovieListViewController.storyboard; sourceTree = "<group>"; };
		393446B1215E800B00B1B4EE /* MoviesTabBarController.swift */ = {isa = PBXFileReference; lastKnownFileType = sourcecode.swift; path = MoviesTabBarController.swift; sourceTree = "<group>"; };
		393446B3215E802000B1B4EE /* AddMoviesViewController.swift */ = {isa = PBXFileReference; lastKnownFileType = sourcecode.swift; path = AddMoviesViewController.swift; sourceTree = "<group>"; };
		393446B5215E803F00B1B4EE /* MovieListTableViewController.swift */ = {isa = PBXFileReference; lastKnownFileType = sourcecode.swift; path = MovieListTableViewController.swift; sourceTree = "<group>"; };
		393446B8215E811B00B1B4EE /* MovieListTableViewCell.swift */ = {isa = PBXFileReference; lastKnownFileType = sourcecode.swift; path = MovieListTableViewCell.swift; sourceTree = "<group>"; };
		393446BC215E820B00B1B4EE /* MovieController.swift */ = {isa = PBXFileReference; lastKnownFileType = sourcecode.swift; path = MovieController.swift; sourceTree = "<group>"; };
		393446BE215E821100B1B4EE /* Movie.swift */ = {isa = PBXFileReference; lastKnownFileType = sourcecode.swift; path = Movie.swift; sourceTree = "<group>"; };
		393446C1215E8C0F00B1B4EE /* MovieControllerProtocol.swift */ = {isa = PBXFileReference; lastKnownFileType = sourcecode.swift; path = MovieControllerProtocol.swift; sourceTree = "<group>"; };
/* End PBXFileReference section */

/* Begin PBXFrameworksBuildPhase section */
		39344690215E7AC700B1B4EE /* Frameworks */ = {
			isa = PBXFrameworksBuildPhase;
			buildActionMask = 2147483647;
			files = (
			);
			runOnlyForDeploymentPostprocessing = 0;
		};
/* End PBXFrameworksBuildPhase section */

/* Begin PBXGroup section */
		3934468A215E7AC700B1B4EE = {
			isa = PBXGroup;
			children = (
				39344695215E7AC700B1B4EE /* Sprint1-Retake */,
				39344694215E7AC700B1B4EE /* Products */,
			);
			sourceTree = "<group>";
		};
		39344694215E7AC700B1B4EE /* Products */ = {
			isa = PBXGroup;
			children = (
				39344693215E7AC700B1B4EE /* Sprint1-Retake.app */,
			);
			name = Products;
			sourceTree = "<group>";
		};
		39344695215E7AC700B1B4EE /* Sprint1-Retake */ = {
			isa = PBXGroup;
			children = (
				39344696215E7AC700B1B4EE /* AppDelegate.swift */,
				393446C0215E8BF900B1B4EE /* Protocols */,
				393446BB215E81F700B1B4EE /* Model */,
				393446BA215E81E500B1B4EE /* Model Controller */,
				393446B7215E810500B1B4EE /* Views */,
				393446A8215E7BCB00B1B4EE /* View Controllers */,
				393446AA215E7BE100B1B4EE /* Resources */,
			);
			path = "Sprint1-Retake";
			sourceTree = "<group>";
		};
		393446A8215E7BCB00B1B4EE /* View Controllers */ = {
			isa = PBXGroup;
			children = (
				393446B1215E800B00B1B4EE /* MoviesTabBarController.swift */,
				393446B3215E802000B1B4EE /* AddMoviesViewController.swift */,
				393446B5215E803F00B1B4EE /* MovieListTableViewController.swift */,
			);
			path = "View Controllers";
			sourceTree = "<group>";
		};
		393446A9215E7BD600B1B4EE /* Storyboards */ = {
			isa = PBXGroup;
			children = (
				3934469A215E7AC700B1B4EE /* Main.storyboard */,
				393446AD215E7E6D00B1B4EE /* AddMoviesViewController.storyboard */,
				393446AF215E7E9C00B1B4EE /* MovieListViewController.storyboard */,
				3934469F215E7AC800B1B4EE /* LaunchScreen.storyboard */,
			);
			path = Storyboards;
			sourceTree = "<group>";
		};
		393446AA215E7BE100B1B4EE /* Resources */ = {
			isa = PBXGroup;
			children = (
				393446A9215E7BD600B1B4EE /* Storyboards */,
				3934469D215E7AC800B1B4EE /* Assets.xcassets */,
				393446A2215E7AC800B1B4EE /* Info.plist */,
			);
			path = Resources;
			sourceTree = "<group>";
		};
		393446B7215E810500B1B4EE /* Views */ = {
			isa = PBXGroup;
			children = (
				393446B8215E811B00B1B4EE /* MovieListTableViewCell.swift */,
			);
			path = Views;
			sourceTree = "<group>";
		};
		393446BA215E81E500B1B4EE /* Model Controller */ = {
			isa = PBXGroup;
			children = (
				393446BC215E820B00B1B4EE /* MovieController.swift */,
			);
			path = "Model Controller";
			sourceTree = "<group>";
		};
		393446BB215E81F700B1B4EE /* Model */ = {
			isa = PBXGroup;
			children = (
				393446BE215E821100B1B4EE /* Movie.swift */,
			);
			path = Model;
			sourceTree = "<group>";
		};
		393446C0215E8BF900B1B4EE /* Protocols */ = {
			isa = PBXGroup;
			children = (
				393446C1215E8C0F00B1B4EE /* MovieControllerProtocol.swift */,
			);
			path = Protocols;
			sourceTree = "<group>";
		};
/* End PBXGroup section */

/* Begin PBXNativeTarget section */
		39344692215E7AC700B1B4EE /* Sprint1-Retake */ = {
			isa = PBXNativeTarget;
			buildConfigurationList = 393446A5215E7AC800B1B4EE /* Build configuration list for PBXNativeTarget "Sprint1-Retake" */;
			buildPhases = (
				3934468F215E7AC700B1B4EE /* Sources */,
				39344690215E7AC700B1B4EE /* Frameworks */,
				39344691215E7AC700B1B4EE /* Resources */,
			);
			buildRules = (
			);
			dependencies = (
			);
			name = "Sprint1-Retake";
			productName = "Sprint1-Retake";
			productReference = 39344693215E7AC700B1B4EE /* Sprint1-Retake.app */;
			productType = "com.apple.product-type.application";
		};
/* End PBXNativeTarget section */

/* Begin PBXProject section */
		3934468B215E7AC700B1B4EE /* Project object */ = {
			isa = PBXProject;
			attributes = {
				LastSwiftUpdateCheck = 1000;
				LastUpgradeCheck = 1000;
				ORGANIZATIONNAME = "Linh Bouniol";
				TargetAttributes = {
					39344692215E7AC700B1B4EE = {
						CreatedOnToolsVersion = 10.0;
					};
				};
			};
			buildConfigurationList = 3934468E215E7AC700B1B4EE /* Build configuration list for PBXProject "Sprint1-Retake" */;
			compatibilityVersion = "Xcode 9.3";
			developmentRegion = en;
			hasScannedForEncodings = 0;
			knownRegions = (
				en,
				Base,
			);
			mainGroup = 3934468A215E7AC700B1B4EE;
			productRefGroup = 39344694215E7AC700B1B4EE /* Products */;
			projectDirPath = "";
			projectRoot = "";
			targets = (
				39344692215E7AC700B1B4EE /* Sprint1-Retake */,
			);
		};
/* End PBXProject section */

/* Begin PBXResourcesBuildPhase section */
		39344691215E7AC700B1B4EE /* Resources */ = {
			isa = PBXResourcesBuildPhase;
			buildActionMask = 2147483647;
			files = (
				393446B0215E7E9C00B1B4EE /* MovieListViewController.storyboard in Resources */,
				393446AE215E7E6D00B1B4EE /* AddMoviesViewController.storyboard in Resources */,
				393446A1215E7AC800B1B4EE /* LaunchScreen.storyboard in Resources */,
				3934469E215E7AC800B1B4EE /* Assets.xcassets in Resources */,
				3934469C215E7AC700B1B4EE /* Main.storyboard in Resources */,
			);
			runOnlyForDeploymentPostprocessing = 0;
		};
/* End PBXResourcesBuildPhase section */

/* Begin PBXSourcesBuildPhase section */
		3934468F215E7AC700B1B4EE /* Sources */ = {
			isa = PBXSourcesBuildPhase;
			buildActionMask = 2147483647;
			files = (
				393446BF215E821100B1B4EE /* Movie.swift in Sources */,
				393446BD215E820B00B1B4EE /* MovieController.swift in Sources */,
				393446B6215E803F00B1B4EE /* MovieListTableViewController.swift in Sources */,
				393446B2215E800B00B1B4EE /* MoviesTabBarController.swift in Sources */,
				39344697215E7AC700B1B4EE /* AppDelegate.swift in Sources */,
				393446B9215E811B00B1B4EE /* MovieListTableViewCell.swift in Sources */,
				393446C2215E8C0F00B1B4EE /* MovieControllerProtocol.swift in Sources */,
				393446B4215E802000B1B4EE /* AddMoviesViewController.swift in Sources */,
			);
			runOnlyForDeploymentPostprocessing = 0;
		};
/* End PBXSourcesBuildPhase section */

/* Begin PBXVariantGroup section */
		3934469A215E7AC700B1B4EE /* Main.storyboard */ = {
			isa = PBXVariantGroup;
			children = (
				3934469B215E7AC700B1B4EE /* Base */,
			);
			name = Main.storyboard;
			sourceTree = "<group>";
		};
		3934469F215E7AC800B1B4EE /* LaunchScreen.storyboard */ = {
			isa = PBXVariantGroup;
			children = (
				393446A0215E7AC800B1B4EE /* Base */,
			);
			name = LaunchScreen.storyboard;
			sourceTree = "<group>";
		};
/* End PBXVariantGroup section */

/* Begin XCBuildConfiguration section */
		393446A3215E7AC800B1B4EE /* Debug */ = {
			isa = XCBuildConfiguration;
			buildSettings = {
				ALWAYS_SEARCH_USER_PATHS = NO;
				CLANG_ANALYZER_NONNULL = YES;
				CLANG_ANALYZER_NUMBER_OBJECT_CONVERSION = YES_AGGRESSIVE;
				CLANG_CXX_LANGUAGE_STANDARD = "gnu++14";
				CLANG_CXX_LIBRARY = "libc++";
				CLANG_ENABLE_MODULES = YES;
				CLANG_ENABLE_OBJC_ARC = YES;
				CLANG_ENABLE_OBJC_WEAK = YES;
				CLANG_WARN_BLOCK_CAPTURE_AUTORELEASING = YES;
				CLANG_WARN_BOOL_CONVERSION = YES;
				CLANG_WARN_COMMA = YES;
				CLANG_WARN_CONSTANT_CONVERSION = YES;
				CLANG_WARN_DEPRECATED_OBJC_IMPLEMENTATIONS = YES;
				CLANG_WARN_DIRECT_OBJC_ISA_USAGE = YES_ERROR;
				CLANG_WARN_DOCUMENTATION_COMMENTS = YES;
				CLANG_WARN_EMPTY_BODY = YES;
				CLANG_WARN_ENUM_CONVERSION = YES;
				CLANG_WARN_INFINITE_RECURSION = YES;
				CLANG_WARN_INT_CONVERSION = YES;
				CLANG_WARN_NON_LITERAL_NULL_CONVERSION = YES;
				CLANG_WARN_OBJC_IMPLICIT_RETAIN_SELF = YES;
				CLANG_WARN_OBJC_LITERAL_CONVERSION = YES;
				CLANG_WARN_OBJC_ROOT_CLASS = YES_ERROR;
				CLANG_WARN_RANGE_LOOP_ANALYSIS = YES;
				CLANG_WARN_STRICT_PROTOTYPES = YES;
				CLANG_WARN_SUSPICIOUS_MOVE = YES;
				CLANG_WARN_UNGUARDED_AVAILABILITY = YES_AGGRESSIVE;
				CLANG_WARN_UNREACHABLE_CODE = YES;
				CLANG_WARN__DUPLICATE_METHOD_MATCH = YES;
				CODE_SIGN_IDENTITY = "iPhone Developer";
				COPY_PHASE_STRIP = NO;
				DEBUG_INFORMATION_FORMAT = dwarf;
				ENABLE_STRICT_OBJC_MSGSEND = YES;
				ENABLE_TESTABILITY = YES;
				GCC_C_LANGUAGE_STANDARD = gnu11;
				GCC_DYNAMIC_NO_PIC = NO;
				GCC_NO_COMMON_BLOCKS = YES;
				GCC_OPTIMIZATION_LEVEL = 0;
				GCC_PREPROCESSOR_DEFINITIONS = (
					"DEBUG=1",
					"$(inherited)",
				);
				GCC_WARN_64_TO_32_BIT_CONVERSION = YES;
				GCC_WARN_ABOUT_RETURN_TYPE = YES_ERROR;
				GCC_WARN_UNDECLARED_SELECTOR = YES;
				GCC_WARN_UNINITIALIZED_AUTOS = YES_AGGRESSIVE;
				GCC_WARN_UNUSED_FUNCTION = YES;
				GCC_WARN_UNUSED_VARIABLE = YES;
				IPHONEOS_DEPLOYMENT_TARGET = 12.0;
				MTL_ENABLE_DEBUG_INFO = INCLUDE_SOURCE;
				MTL_FAST_MATH = YES;
				ONLY_ACTIVE_ARCH = YES;
				SDKROOT = iphoneos;
				SWIFT_ACTIVE_COMPILATION_CONDITIONS = DEBUG;
				SWIFT_OPTIMIZATION_LEVEL = "-Onone";
			};
			name = Debug;
		};
		393446A4215E7AC800B1B4EE /* Release */ = {
			isa = XCBuildConfiguration;
			buildSettings = {
				ALWAYS_SEARCH_USER_PATHS = NO;
				CLANG_ANALYZER_NONNULL = YES;
				CLANG_ANALYZER_NUMBER_OBJECT_CONVERSION = YES_AGGRESSIVE;
				CLANG_CXX_LANGUAGE_STANDARD = "gnu++14";
				CLANG_CXX_LIBRARY = "libc++";
				CLANG_ENABLE_MODULES = YES;
				CLANG_ENABLE_OBJC_ARC = YES;
				CLANG_ENABLE_OBJC_WEAK = YES;
				CLANG_WARN_BLOCK_CAPTURE_AUTORELEASING = YES;
				CLANG_WARN_BOOL_CONVERSION = YES;
				CLANG_WARN_COMMA = YES;
				CLANG_WARN_CONSTANT_CONVERSION = YES;
				CLANG_WARN_DEPRECATED_OBJC_IMPLEMENTATIONS = YES;
				CLANG_WARN_DIRECT_OBJC_ISA_USAGE = YES_ERROR;
				CLANG_WARN_DOCUMENTATION_COMMENTS = YES;
				CLANG_WARN_EMPTY_BODY = YES;
				CLANG_WARN_ENUM_CONVERSION = YES;
				CLANG_WARN_INFINITE_RECURSION = YES;
				CLANG_WARN_INT_CONVERSION = YES;
				CLANG_WARN_NON_LITERAL_NULL_CONVERSION = YES;
				CLANG_WARN_OBJC_IMPLICIT_RETAIN_SELF = YES;
				CLANG_WARN_OBJC_LITERAL_CONVERSION = YES;
				CLANG_WARN_OBJC_ROOT_CLASS = YES_ERROR;
				CLANG_WARN_RANGE_LOOP_ANALYSIS = YES;
				CLANG_WARN_STRICT_PROTOTYPES = YES;
				CLANG_WARN_SUSPICIOUS_MOVE = YES;
				CLANG_WARN_UNGUARDED_AVAILABILITY = YES_AGGRESSIVE;
				CLANG_WARN_UNREACHABLE_CODE = YES;
				CLANG_WARN__DUPLICATE_METHOD_MATCH = YES;
				CODE_SIGN_IDENTITY = "iPhone Developer";
				COPY_PHASE_STRIP = NO;
				DEBUG_INFORMATION_FORMAT = "dwarf-with-dsym";
				ENABLE_NS_ASSERTIONS = NO;
				ENABLE_STRICT_OBJC_MSGSEND = YES;
				GCC_C_LANGUAGE_STANDARD = gnu11;
				GCC_NO_COMMON_BLOCKS = YES;
				GCC_WARN_64_TO_32_BIT_CONVERSION = YES;
				GCC_WARN_ABOUT_RETURN_TYPE = YES_ERROR;
				GCC_WARN_UNDECLARED_SELECTOR = YES;
				GCC_WARN_UNINITIALIZED_AUTOS = YES_AGGRESSIVE;
				GCC_WARN_UNUSED_FUNCTION = YES;
				GCC_WARN_UNUSED_VARIABLE = YES;
				IPHONEOS_DEPLOYMENT_TARGET = 12.0;
				MTL_ENABLE_DEBUG_INFO = NO;
				MTL_FAST_MATH = YES;
				SDKROOT = iphoneos;
				SWIFT_COMPILATION_MODE = wholemodule;
				SWIFT_OPTIMIZATION_LEVEL = "-O";
				VALIDATE_PRODUCT = YES;
			};
			name = Release;
		};
		393446A6215E7AC800B1B4EE /* Debug */ = {
			isa = XCBuildConfiguration;
			buildSettings = {
				ASSETCATALOG_COMPILER_APPICON_NAME = AppIcon;
				CODE_SIGN_STYLE = Automatic;
				DEVELOPMENT_TEAM = 39ZVY2XGME;
				INFOPLIST_FILE = "$(SRCROOT)/Sprint1-Retake/Resources/Info.plist";
				LD_RUNPATH_SEARCH_PATHS = (
					"$(inherited)",
					"@executable_path/Frameworks",
				);
				PRODUCT_BUNDLE_IDENTIFIER = "com.linhbouniol.Sprint1-Retake";
				PRODUCT_NAME = "$(TARGET_NAME)";
				SWIFT_VERSION = 4.2;
				TARGETED_DEVICE_FAMILY = "1,2";
			};
			name = Debug;
		};
		393446A7215E7AC800B1B4EE /* Release */ = {
			isa = XCBuildConfiguration;
			buildSettings = {
				ASSETCATALOG_COMPILER_APPICON_NAME = AppIcon;
				CODE_SIGN_STYLE = Automatic;
				DEVELOPMENT_TEAM = 39ZVY2XGME;
				INFOPLIST_FILE = "$(SRCROOT)/Sprint1-Retake/Resources/Info.plist";
				LD_RUNPATH_SEARCH_PATHS = (
					"$(inherited)",
					"@executable_path/Frameworks",
				);
				PRODUCT_BUNDLE_IDENTIFIER = "com.linhbouniol.Sprint1-Retake";
				PRODUCT_NAME = "$(TARGET_NAME)";
				SWIFT_VERSION = 4.2;
				TARGETED_DEVICE_FAMILY = "1,2";
			};
			name = Release;
		};
/* End XCBuildConfiguration section */

/* Begin XCConfigurationList section */
		3934468E215E7AC700B1B4EE /* Build configuration list for PBXProject "Sprint1-Retake" */ = {
			isa = XCConfigurationList;
			buildConfigurations = (
				393446A3215E7AC800B1B4EE /* Debug */,
				393446A4215E7AC800B1B4EE /* Release */,
			);
			defaultConfigurationIsVisible = 0;
			defaultConfigurationName = Release;
		};
		393446A5215E7AC800B1B4EE /* Build configuration list for PBXNativeTarget "Sprint1-Retake" */ = {
			isa = XCConfigurationList;
			buildConfigurations = (
				393446A6215E7AC800B1B4EE /* Debug */,
				393446A7215E7AC800B1B4EE /* Release */,
			);
			defaultConfigurationIsVisible = 0;
			defaultConfigurationName = Release;
		};
/* End XCConfigurationList section */
	};
	rootObject = 3934468B215E7AC700B1B4EE /* Project object */;
}
